
Microsoft Visual Studio Solution File, Format Version 12.00
# Visual Studio 15
VisualStudioVersion = 15.0.27703.2000
MinimumVisualStudioVersion = 10.0.40219.1
Project("{FAE04EC0-301F-11D3-BF4B-00C04F79EFBC}") = "Emitdass.Android", "Emitdass\Emitdass.Android\Emitdass.Android.csproj", "{86283D73-2BB9-46B5-9166-0885D04C204D}"
EndProject
Project("{FAE04EC0-301F-11D3-BF4B-00C04F79EFBC}") = "Emitdass.iOS", "Emitdass\Emitdass.iOS\Emitdass.iOS.csproj", "{8CB08F7C-E56F-4D20-AA94-B1F4F5AB6788}"
EndProject
Project("{FAE04EC0-301F-11D3-BF4B-00C04F79EFBC}") = "Emitdass", "Emitdass\Emitdass\Emitdass.csproj", "{2ED82EDF-0337-4C9F-B683-EE3ABED7A345}"
EndProject
Global
	GlobalSection(SolutionConfigurationPlatforms) = preSolution
		Ad-Hoc|Any CPU = Ad-Hoc|Any CPU
		Ad-Hoc|iPhone = Ad-Hoc|iPhone
		Ad-Hoc|iPhoneSimulator = Ad-Hoc|iPhoneSimulator
		AppStore|Any CPU = AppStore|Any CPU
		AppStore|iPhone = AppStore|iPhone
		AppStore|iPhoneSimulator = AppStore|iPhoneSimulator
		Debug|Any CPU = Debug|Any CPU
		Debug|iPhone = Debug|iPhone
		Debug|iPhoneSimulator = Debug|iPhoneSimulator
		Release|Any CPU = Release|Any CPU
		Release|iPhone = Release|iPhone
		Release|iPhoneSimulator = Release|iPhoneSimulator
	EndGlobalSection
	GlobalSection(ProjectConfigurationPlatforms) = postSolution
		{86283D73-2BB9-46B5-9166-0885D04C204D}.Ad-Hoc|Any CPU.ActiveCfg = Release|Any CPU
		{86283D73-2BB9-46B5-9166-0885D04C204D}.Ad-Hoc|Any CPU.Build.0 = Release|Any CPU
		{86283D73-2BB9-46B5-9166-0885D04C204D}.Ad-Hoc|Any CPU.Deploy.0 = Release|Any CPU
		{86283D73-2BB9-46B5-9166-0885D04C204D}.Ad-Hoc|iPhone.ActiveCfg = Release|Any CPU
		{86283D73-2BB9-46B5-9166-0885D04C204D}.Ad-Hoc|iPhone.Build.0 = Release|Any CPU
		{86283D73-2BB9-46B5-9166-0885D04C204D}.Ad-Hoc|iPhone.Deploy.0 = Release|Any CPU
		{86283D73-2BB9-46B5-9166-0885D04C204D}.Ad-Hoc|iPhoneSimulator.ActiveCfg = Release|Any CPU
		{86283D73-2BB9-46B5-9166-0885D04C204D}.Ad-Hoc|iPhoneSimulator.Build.0 = Release|Any CPU
		{86283D73-2BB9-46B5-9166-0885D04C204D}.Ad-Hoc|iPhoneSimulator.Deploy.0 = Release|Any CPU
		{86283D73-2BB9-46B5-9166-0885D04C204D}.AppStore|Any CPU.ActiveCfg = Release|Any CPU
		{86283D73-2BB9-46B5-9166-0885D04C204D}.AppStore|Any CPU.Build.0 = Release|Any CPU
		{86283D73-2BB9-46B5-9166-0885D04C204D}.AppStore|Any CPU.Deploy.0 = Release|Any CPU
		{86283D73-2BB9-46B5-9166-0885D04C204D}.AppStore|iPhone.ActiveCfg = Release|Any CPU
		{86283D73-2BB9-46B5-9166-0885D04C204D}.AppStore|iPhone.Build.0 = Release|Any CPU
		{86283D73-2BB9-46B5-9166-0885D04C204D}.AppStore|iPhone.Deploy.0 = Release|Any CPU
		{86283D73-2BB9-46B5-9166-0885D04C204D}.AppStore|iPhoneSimulator.ActiveCfg = Release|Any CPU
		{86283D73-2BB9-46B5-9166-0885D04C204D}.AppStore|iPhoneSimulator.Build.0 = Release|Any CPU
		{86283D73-2BB9-46B5-9166-0885D04C204D}.AppStore|iPhoneSimulator.Deploy.0 = Release|Any CPU
		{86283D73-2BB9-46B5-9166-0885D04C204D}.Debug|Any CPU.ActiveCfg = Debug|Any CPU
		{86283D73-2BB9-46B5-9166-0885D04C204D}.Debug|Any CPU.Build.0 = Debug|Any CPU
		{86283D73-2BB9-46B5-9166-0885D04C204D}.Debug|Any CPU.Deploy.0 = Debug|Any CPU
		{86283D73-2BB9-46B5-9166-0885D04C204D}.Debug|iPhone.ActiveCfg = Debug|Any CPU
		{86283D73-2BB9-46B5-9166-0885D04C204D}.Debug|iPhone.Build.0 = Debug|Any CPU
		{86283D73-2BB9-46B5-9166-0885D04C204D}.Debug|iPhone.Deploy.0 = Debug|Any CPU
		{86283D73-2BB9-46B5-9166-0885D04C204D}.Debug|iPhoneSimulator.ActiveCfg = Debug|Any CPU
		{86283D73-2BB9-46B5-9166-0885D04C204D}.Debug|iPhoneSimulator.Build.0 = Debug|Any CPU
		{86283D73-2BB9-46B5-9166-0885D04C204D}.Debug|iPhoneSimulator.Deploy.0 = Debug|Any CPU
		{86283D73-2BB9-46B5-9166-0885D04C204D}.Release|Any CPU.ActiveCfg = Release|Any CPU
		{86283D73-2BB9-46B5-9166-0885D04C204D}.Release|Any CPU.Build.0 = Release|Any CPU
		{86283D73-2BB9-46B5-9166-0885D04C204D}.Release|Any CPU.Deploy.0 = Release|Any CPU
		{86283D73-2BB9-46B5-9166-0885D04C204D}.Release|iPhone.ActiveCfg = Release|Any CPU
		{86283D73-2BB9-46B5-9166-0885D04C204D}.Release|iPhone.Build.0 = Release|Any CPU
		{86283D73-2BB9-46B5-9166-0885D04C204D}.Release|iPhone.Deploy.0 = Release|Any CPU
		{86283D73-2BB9-46B5-9166-0885D04C204D}.Release|iPhoneSimulator.ActiveCfg = Release|Any CPU
		{86283D73-2BB9-46B5-9166-0885D04C204D}.Release|iPhoneSimulator.Build.0 = Release|Any CPU
		{86283D73-2BB9-46B5-9166-0885D04C204D}.Release|iPhoneSimulator.Deploy.0 = Release|Any CPU
		{8CB08F7C-E56F-4D20-AA94-B1F4F5AB6788}.Ad-Hoc|Any CPU.ActiveCfg = Ad-Hoc|iPhone
		{8CB08F7C-E56F-4D20-AA94-B1F4F5AB6788}.Ad-Hoc|Any CPU.Build.0 = Ad-Hoc|iPhone
		{8CB08F7C-E56F-4D20-AA94-B1F4F5AB6788}.Ad-Hoc|Any CPU.Deploy.0 = Ad-Hoc|iPhone
		{8CB08F7C-E56F-4D20-AA94-B1F4F5AB6788}.Ad-Hoc|iPhone.ActiveCfg = Ad-Hoc|iPhone
		{8CB08F7C-E56F-4D20-AA94-B1F4F5AB6788}.Ad-Hoc|iPhone.Build.0 = Ad-Hoc|iPhone
		{8CB08F7C-E56F-4D20-AA94-B1F4F5AB6788}.Ad-Hoc|iPhone.Deploy.0 = Ad-Hoc|iPhone
		{8CB08F7C-E56F-4D20-AA94-B1F4F5AB6788}.Ad-Hoc|iPhoneSimulator.ActiveCfg = Ad-Hoc|iPhoneSimulator
		{8CB08F7C-E56F-4D20-AA94-B1F4F5AB6788}.Ad-Hoc|iPhoneSimulator.Build.0 = Ad-Hoc|iPhoneSimulator
		{8CB08F7C-E56F-4D20-AA94-B1F4F5AB6788}.Ad-Hoc|iPhoneSimulator.Deploy.0 = Ad-Hoc|iPhoneSimulator
		{8CB08F7C-E56F-4D20-AA94-B1F4F5AB6788}.AppStore|Any CPU.ActiveCfg = AppStore|iPhone
		{8CB08F7C-E56F-4D20-AA94-B1F4F5AB6788}.AppStore|Any CPU.Build.0 = AppStore|iPhone
		{8CB08F7C-E56F-4D20-AA94-B1F4F5AB6788}.AppStore|Any CPU.Deploy.0 = AppStore|iPhone
		{8CB08F7C-E56F-4D20-AA94-B1F4F5AB6788}.AppStore|iPhone.ActiveCfg = AppStore|iPhone
		{8CB08F7C-E56F-4D20-AA94-B1F4F5AB6788}.AppStore|iPhone.Build.0 = AppStore|iPhone
		{8CB08F7C-E56F-4D20-AA94-B1F4F5AB6788}.AppStore|iPhone.Deploy.0 = AppStore|iPhone
		{8CB08F7C-E56F-4D20-AA94-B1F4F5AB6788}.AppStore|iPhoneSimulator.ActiveCfg = AppStore|iPhoneSimulator
		{8CB08F7C-E56F-4D20-AA94-B1F4F5AB6788}.AppStore|iPhoneSimulator.Build.0 = AppStore|iPhoneSimulator
		{8CB08F7C-E56F-4D20-AA94-B1F4F5AB6788}.AppStore|iPhoneSimulator.Deploy.0 = AppStore|iPhoneSimulator
		{8CB08F7C-E56F-4D20-AA94-B1F4F5AB6788}.Debug|Any CPU.ActiveCfg = Debug|iPhoneSimulator
		{8CB08F7C-E56F-4D20-AA94-B1F4F5AB6788}.Debug|Any CPU.Build.0 = Debug|iPhoneSimulator
		{8CB08F7C-E56F-4D20-AA94-B1F4F5AB6788}.Debug|Any CPU.Deploy.0 = Debug|iPhoneSimulator
		{8CB08F7C-E56F-4D20-AA94-B1F4F5AB6788}.Debug|iPhone.ActiveCfg = Debug|iPhone
		{8CB08F7C-E56F-4D20-AA94-B1F4F5AB6788}.Debug|iPhone.Build.0 = Debug|iPhone
		{8CB08F7C-E56F-4D20-AA94-B1F4F5AB6788}.Debug|iPhone.Deploy.0 = Debug|iPhone
		{8CB08F7C-E56F-4D20-AA94-B1F4F5AB6788}.Debug|iPhoneSimulator.ActiveCfg = Debug|iPhoneSimulator
		{8CB08F7C-E56F-4D20-AA94-B1F4F5AB6788}.Debug|iPhoneSimulator.Build.0 = Debug|iPhoneSimulator
		{8CB08F7C-E56F-4D20-AA94-B1F4F5AB6788}.Debug|iPhoneSimulator.Deploy.0 = Debug|iPhoneSimulator
		{8CB08F7C-E56F-4D20-AA94-B1F4F5AB6788}.Release|Any CPU.ActiveCfg = Release|iPhone
		{8CB08F7C-E56F-4D20-AA94-B1F4F5AB6788}.Release|Any CPU.Build.0 = Release|iPhone
		{8CB08F7C-E56F-4D20-AA94-B1F4F5AB6788}.Release|Any CPU.Deploy.0 = Release|iPhone
		{8CB08F7C-E56F-4D20-AA94-B1F4F5AB6788}.Release|iPhone.ActiveCfg = Release|iPhone
		{8CB08F7C-E56F-4D20-AA94-B1F4F5AB6788}.Release|iPhone.Build.0 = Release|iPhone
		{8CB08F7C-E56F-4D20-AA94-B1F4F5AB6788}.Release|iPhone.Deploy.0 = Release|iPhone
		{8CB08F7C-E56F-4D20-AA94-B1F4F5AB6788}.Release|iPhoneSimulator.ActiveCfg = Release|iPhoneSimulator
		{8CB08F7C-E56F-4D20-AA94-B1F4F5AB6788}.Release|iPhoneSimulator.Build.0 = Release|iPhoneSimulator
		{8CB08F7C-E56F-4D20-AA94-B1F4F5AB6788}.Release|iPhoneSimulator.Deploy.0 = Release|iPhoneSimulator
		{2ED82EDF-0337-4C9F-B683-EE3ABED7A345}.Ad-Hoc|Any CPU.ActiveCfg = Debug|Any CPU
		{2ED82EDF-0337-4C9F-B683-EE3ABED7A345}.Ad-Hoc|Any CPU.Build.0 = Debug|Any CPU
		{2ED82EDF-0337-4C9F-B683-EE3ABED7A345}.Ad-Hoc|Any CPU.Deploy.0 = Debug|Any CPU
		{2ED82EDF-0337-4C9F-B683-EE3ABED7A345}.Ad-Hoc|iPhone.ActiveCfg = Debug|Any CPU
		{2ED82EDF-0337-4C9F-B683-EE3ABED7A345}.Ad-Hoc|iPhone.Build.0 = Debug|Any CPU
		{2ED82EDF-0337-4C9F-B683-EE3ABED7A345}.Ad-Hoc|iPhone.Deploy.0 = Debug|Any CPU
		{2ED82EDF-0337-4C9F-B683-EE3ABED7A345}.Ad-Hoc|iPhoneSimulator.ActiveCfg = Debug|Any CPU
		{2ED82EDF-0337-4C9F-B683-EE3ABED7A345}.Ad-Hoc|iPhoneSimulator.Build.0 = Debug|Any CPU
		{2ED82EDF-0337-4C9F-B683-EE3ABED7A345}.Ad-Hoc|iPhoneSimulator.Deploy.0 = Debug|Any CPU
		{2ED82EDF-0337-4C9F-B683-EE3ABED7A345}.AppStore|Any CPU.ActiveCfg = Debug|Any CPU
		{2ED82EDF-0337-4C9F-B683-EE3ABED7A345}.AppStore|Any CPU.Build.0 = Debug|Any CPU
		{2ED82EDF-0337-4C9F-B683-EE3ABED7A345}.AppStore|Any CPU.Deploy.0 = Debug|Any CPU
		{2ED82EDF-0337-4C9F-B683-EE3ABED7A345}.AppStore|iPhone.ActiveCfg = Debug|Any CPU
		{2ED82EDF-0337-4C9F-B683-EE3ABED7A345}.AppStore|iPhone.Build.0 = Debug|Any CPU
		{2ED82EDF-0337-4C9F-B683-EE3ABED7A345}.AppStore|iPhone.Deploy.0 = Debug|Any CPU
		{2ED82EDF-0337-4C9F-B683-EE3ABED7A345}.AppStore|iPhoneSimulator.ActiveCfg = Debug|Any CPU
		{2ED82EDF-0337-4C9F-B683-EE3ABED7A345}.AppStore|iPhoneSimulator.Build.0 = Debug|Any CPU
		{2ED82EDF-0337-4C9F-B683-EE3ABED7A345}.AppStore|iPhoneSimulator.Deploy.0 = Debug|Any CPU
		{2ED82EDF-0337-4C9F-B683-EE3ABED7A345}.Debug|Any CPU.ActiveCfg = Debug|Any CPU
		{2ED82EDF-0337-4C9F-B683-EE3ABED7A345}.Debug|Any CPU.Build.0 = Debug|Any CPU
		{2ED82EDF-0337-4C9F-B683-EE3ABED7A345}.Debug|Any CPU.Deploy.0 = Debug|Any CPU
		{2ED82EDF-0337-4C9F-B683-EE3ABED7A345}.Debug|iPhone.ActiveCfg = Debug|Any CPU
		{2ED82EDF-0337-4C9F-B683-EE3ABED7A345}.Debug|iPhone.Build.0 = Debug|Any CPU
		{2ED82EDF-0337-4C9F-B683-EE3ABED7A345}.Debug|iPhone.Deploy.0 = Debug|Any CPU
		{2ED82EDF-0337-4C9F-B683-EE3ABED7A345}.Debug|iPhoneSimulator.ActiveCfg = Debug|Any CPU
		{2ED82EDF-0337-4C9F-B683-EE3ABED7A345}.Debug|iPhoneSimulator.Build.0 = Debug|Any CPU
		{2ED82EDF-0337-4C9F-B683-EE3ABED7A345}.Debug|iPhoneSimulator.Deploy.0 = Debug|Any CPU
		{2ED82EDF-0337-4C9F-B683-EE3ABED7A345}.Release|Any CPU.ActiveCfg = Release|Any CPU
		{2ED82EDF-0337-4C9F-B683-EE3ABED7A345}.Release|Any CPU.Build.0 = Release|Any CPU
		{2ED82EDF-0337-4C9F-B683-EE3ABED7A345}.Release|Any CPU.Deploy.0 = Release|Any CPU
		{2ED82EDF-0337-4C9F-B683-EE3ABED7A345}.Release|iPhone.ActiveCfg = Release|Any CPU
		{2ED82EDF-0337-4C9F-B683-EE3ABED7A345}.Release|iPhone.Build.0 = Release|Any CPU
		{2ED82EDF-0337-4C9F-B683-EE3ABED7A345}.Release|iPhone.Deploy.0 = Release|Any CPU
		{2ED82EDF-0337-4C9F-B683-EE3ABED7A345}.Release|iPhoneSimulator.ActiveCfg = Release|Any CPU
		{2ED82EDF-0337-4C9F-B683-EE3ABED7A345}.Release|iPhoneSimulator.Build.0 = Release|Any CPU
		{2ED82EDF-0337-4C9F-B683-EE3ABED7A345}.Release|iPhoneSimulator.Deploy.0 = Release|Any CPU
	EndGlobalSection
	GlobalSection(SolutionProperties) = preSolution
		HideSolutionNode = FALSE
	EndGlobalSection
	GlobalSection(ExtensibilityGlobals) = postSolution
		SolutionGuid = {4CB170CB-C5FF-4655-97AF-86D8E8BAE95F}
	EndGlobalSection
EndGlobal
