
Microsoft Visual Studio Solution File, Format Version 12.00
# Visual Studio 15
VisualStudioVersion = 15.0.27703.2000
MinimumVisualStudioVersion = 10.0.40219.1
Project("{FAE04EC0-301F-11D3-BF4B-00C04F79EFBC}") = "EmissorApp.Android", "EmissorApp\EmissorApp.Android\EmissorApp.Android.csproj", "{C61142AF-1474-4BE0-8A34-3FEC398BB457}"
EndProject
Project("{FAE04EC0-301F-11D3-BF4B-00C04F79EFBC}") = "EmissorApp.iOS", "EmissorApp\EmissorApp.iOS\EmissorApp.iOS.csproj", "{03434F13-DFB0-41BE-B992-0C52797E4432}"
EndProject
Project("{D954291E-2A0B-460D-934E-DC6B0785DB48}") = "EmissorApp", "EmissorApp\EmissorApp\EmissorApp.shproj", "{D8378648-28EE-4F5B-B449-F9B893E1BF92}"
EndProject
Global
	GlobalSection(SharedMSBuildProjectFiles) = preSolution
		EmissorApp\EmissorApp\EmissorApp.projitems*{03434f13-dfb0-41be-b992-0c52797e4432}*SharedItemsImports = 4
		EmissorApp\EmissorApp\EmissorApp.projitems*{c61142af-1474-4be0-8a34-3fec398bb457}*SharedItemsImports = 4
		EmissorApp\EmissorApp\EmissorApp.projitems*{d8378648-28ee-4f5b-b449-f9b893e1bf92}*SharedItemsImports = 13
	EndGlobalSection
	GlobalSection(SolutionConfigurationPlatforms) = preSolution
		Ad-Hoc|Any CPU = Ad-Hoc|Any CPU
		Ad-Hoc|iPhone = Ad-Hoc|iPhone
		Ad-Hoc|iPhoneSimulator = Ad-Hoc|iPhoneSimulator
		AppStore|Any CPU = AppStore|Any CPU
		AppStore|iPhone = AppStore|iPhone
		AppStore|iPhoneSimulator = AppStore|iPhoneSimulator
		Debug|Any CPU = Debug|Any CPU
		Debug|iPhone = Debug|iPhone
		Debug|iPhoneSimulator = Debug|iPhoneSimulator
		Release|Any CPU = Release|Any CPU
		Release|iPhone = Release|iPhone
		Release|iPhoneSimulator = Release|iPhoneSimulator
	EndGlobalSection
	GlobalSection(ProjectConfigurationPlatforms) = postSolution
		{C61142AF-1474-4BE0-8A34-3FEC398BB457}.Ad-Hoc|Any CPU.ActiveCfg = Release|Any CPU
		{C61142AF-1474-4BE0-8A34-3FEC398BB457}.Ad-Hoc|Any CPU.Build.0 = Release|Any CPU
		{C61142AF-1474-4BE0-8A34-3FEC398BB457}.Ad-Hoc|Any CPU.Deploy.0 = Release|Any CPU
		{C61142AF-1474-4BE0-8A34-3FEC398BB457}.Ad-Hoc|iPhone.ActiveCfg = Release|Any CPU
		{C61142AF-1474-4BE0-8A34-3FEC398BB457}.Ad-Hoc|iPhone.Build.0 = Release|Any CPU
		{C61142AF-1474-4BE0-8A34-3FEC398BB457}.Ad-Hoc|iPhone.Deploy.0 = Release|Any CPU
		{C61142AF-1474-4BE0-8A34-3FEC398BB457}.Ad-Hoc|iPhoneSimulator.ActiveCfg = Release|Any CPU
		{C61142AF-1474-4BE0-8A34-3FEC398BB457}.Ad-Hoc|iPhoneSimulator.Build.0 = Release|Any CPU
		{C61142AF-1474-4BE0-8A34-3FEC398BB457}.Ad-Hoc|iPhoneSimulator.Deploy.0 = Release|Any CPU
		{C61142AF-1474-4BE0-8A34-3FEC398BB457}.AppStore|Any CPU.ActiveCfg = Release|Any CPU
		{C61142AF-1474-4BE0-8A34-3FEC398BB457}.AppStore|Any CPU.Build.0 = Release|Any CPU
		{C61142AF-1474-4BE0-8A34-3FEC398BB457}.AppStore|Any CPU.Deploy.0 = Release|Any CPU
		{C61142AF-1474-4BE0-8A34-3FEC398BB457}.AppStore|iPhone.ActiveCfg = Release|Any CPU
		{C61142AF-1474-4BE0-8A34-3FEC398BB457}.AppStore|iPhone.Build.0 = Release|Any CPU
		{C61142AF-1474-4BE0-8A34-3FEC398BB457}.AppStore|iPhone.Deploy.0 = Release|Any CPU
		{C61142AF-1474-4BE0-8A34-3FEC398BB457}.AppStore|iPhoneSimulator.ActiveCfg = Release|Any CPU
		{C61142AF-1474-4BE0-8A34-3FEC398BB457}.AppStore|iPhoneSimulator.Build.0 = Release|Any CPU
		{C61142AF-1474-4BE0-8A34-3FEC398BB457}.AppStore|iPhoneSimulator.Deploy.0 = Release|Any CPU
		{C61142AF-1474-4BE0-8A34-3FEC398BB457}.Debug|Any CPU.ActiveCfg = Debug|Any CPU
		{C61142AF-1474-4BE0-8A34-3FEC398BB457}.Debug|Any CPU.Build.0 = Debug|Any CPU
		{C61142AF-1474-4BE0-8A34-3FEC398BB457}.Debug|Any CPU.Deploy.0 = Debug|Any CPU
		{C61142AF-1474-4BE0-8A34-3FEC398BB457}.Debug|iPhone.ActiveCfg = Debug|Any CPU
		{C61142AF-1474-4BE0-8A34-3FEC398BB457}.Debug|iPhone.Build.0 = Debug|Any CPU
		{C61142AF-1474-4BE0-8A34-3FEC398BB457}.Debug|iPhone.Deploy.0 = Debug|Any CPU
		{C61142AF-1474-4BE0-8A34-3FEC398BB457}.Debug|iPhoneSimulator.ActiveCfg = Debug|Any CPU
		{C61142AF-1474-4BE0-8A34-3FEC398BB457}.Debug|iPhoneSimulator.Build.0 = Debug|Any CPU
		{C61142AF-1474-4BE0-8A34-3FEC398BB457}.Debug|iPhoneSimulator.Deploy.0 = Debug|Any CPU
		{C61142AF-1474-4BE0-8A34-3FEC398BB457}.Release|Any CPU.ActiveCfg = Release|Any CPU
		{C61142AF-1474-4BE0-8A34-3FEC398BB457}.Release|Any CPU.Build.0 = Release|Any CPU
		{C61142AF-1474-4BE0-8A34-3FEC398BB457}.Release|Any CPU.Deploy.0 = Release|Any CPU
		{C61142AF-1474-4BE0-8A34-3FEC398BB457}.Release|iPhone.ActiveCfg = Release|Any CPU
		{C61142AF-1474-4BE0-8A34-3FEC398BB457}.Release|iPhone.Build.0 = Release|Any CPU
		{C61142AF-1474-4BE0-8A34-3FEC398BB457}.Release|iPhone.Deploy.0 = Release|Any CPU
		{C61142AF-1474-4BE0-8A34-3FEC398BB457}.Release|iPhoneSimulator.ActiveCfg = Release|Any CPU
		{C61142AF-1474-4BE0-8A34-3FEC398BB457}.Release|iPhoneSimulator.Build.0 = Release|Any CPU
		{C61142AF-1474-4BE0-8A34-3FEC398BB457}.Release|iPhoneSimulator.Deploy.0 = Release|Any CPU
		{03434F13-DFB0-41BE-B992-0C52797E4432}.Ad-Hoc|Any CPU.ActiveCfg = Ad-Hoc|iPhone
		{03434F13-DFB0-41BE-B992-0C52797E4432}.Ad-Hoc|Any CPU.Build.0 = Ad-Hoc|iPhone
		{03434F13-DFB0-41BE-B992-0C52797E4432}.Ad-Hoc|Any CPU.Deploy.0 = Ad-Hoc|iPhone
		{03434F13-DFB0-41BE-B992-0C52797E4432}.Ad-Hoc|iPhone.ActiveCfg = Ad-Hoc|iPhone
		{03434F13-DFB0-41BE-B992-0C52797E4432}.Ad-Hoc|iPhone.Build.0 = Ad-Hoc|iPhone
		{03434F13-DFB0-41BE-B992-0C52797E4432}.Ad-Hoc|iPhone.Deploy.0 = Ad-Hoc|iPhone
		{03434F13-DFB0-41BE-B992-0C52797E4432}.Ad-Hoc|iPhoneSimulator.ActiveCfg = Ad-Hoc|iPhoneSimulator
		{03434F13-DFB0-41BE-B992-0C52797E4432}.Ad-Hoc|iPhoneSimulator.Build.0 = Ad-Hoc|iPhoneSimulator
		{03434F13-DFB0-41BE-B992-0C52797E4432}.Ad-Hoc|iPhoneSimulator.Deploy.0 = Ad-Hoc|iPhoneSimulator
		{03434F13-DFB0-41BE-B992-0C52797E4432}.AppStore|Any CPU.ActiveCfg = AppStore|iPhone
		{03434F13-DFB0-41BE-B992-0C52797E4432}.AppStore|Any CPU.Build.0 = AppStore|iPhone
		{03434F13-DFB0-41BE-B992-0C52797E4432}.AppStore|Any CPU.Deploy.0 = AppStore|iPhone
		{03434F13-DFB0-41BE-B992-0C52797E4432}.AppStore|iPhone.ActiveCfg = AppStore|iPhone
		{03434F13-DFB0-41BE-B992-0C52797E4432}.AppStore|iPhone.Build.0 = AppStore|iPhone
		{03434F13-DFB0-41BE-B992-0C52797E4432}.AppStore|iPhone.Deploy.0 = AppStore|iPhone
		{03434F13-DFB0-41BE-B992-0C52797E4432}.AppStore|iPhoneSimulator.ActiveCfg = AppStore|iPhoneSimulator
		{03434F13-DFB0-41BE-B992-0C52797E4432}.AppStore|iPhoneSimulator.Build.0 = AppStore|iPhoneSimulator
		{03434F13-DFB0-41BE-B992-0C52797E4432}.AppStore|iPhoneSimulator.Deploy.0 = AppStore|iPhoneSimulator
		{03434F13-DFB0-41BE-B992-0C52797E4432}.Debug|Any CPU.ActiveCfg = Debug|iPhoneSimulator
		{03434F13-DFB0-41BE-B992-0C52797E4432}.Debug|Any CPU.Build.0 = Debug|iPhoneSimulator
		{03434F13-DFB0-41BE-B992-0C52797E4432}.Debug|Any CPU.Deploy.0 = Debug|iPhoneSimulator
		{03434F13-DFB0-41BE-B992-0C52797E4432}.Debug|iPhone.ActiveCfg = Debug|iPhone
		{03434F13-DFB0-41BE-B992-0C52797E4432}.Debug|iPhone.Build.0 = Debug|iPhone
		{03434F13-DFB0-41BE-B992-0C52797E4432}.Debug|iPhone.Deploy.0 = Debug|iPhone
		{03434F13-DFB0-41BE-B992-0C52797E4432}.Debug|iPhoneSimulator.ActiveCfg = Debug|iPhoneSimulator
		{03434F13-DFB0-41BE-B992-0C52797E4432}.Debug|iPhoneSimulator.Build.0 = Debug|iPhoneSimulator
		{03434F13-DFB0-41BE-B992-0C52797E4432}.Debug|iPhoneSimulator.Deploy.0 = Debug|iPhoneSimulator
		{03434F13-DFB0-41BE-B992-0C52797E4432}.Release|Any CPU.ActiveCfg = Release|iPhone
		{03434F13-DFB0-41BE-B992-0C52797E4432}.Release|Any CPU.Build.0 = Release|iPhone
		{03434F13-DFB0-41BE-B992-0C52797E4432}.Release|Any CPU.Deploy.0 = Release|iPhone
		{03434F13-DFB0-41BE-B992-0C52797E4432}.Release|iPhone.ActiveCfg = Release|iPhone
		{03434F13-DFB0-41BE-B992-0C52797E4432}.Release|iPhone.Build.0 = Release|iPhone
		{03434F13-DFB0-41BE-B992-0C52797E4432}.Release|iPhone.Deploy.0 = Release|iPhone
		{03434F13-DFB0-41BE-B992-0C52797E4432}.Release|iPhoneSimulator.ActiveCfg = Release|iPhoneSimulator
		{03434F13-DFB0-41BE-B992-0C52797E4432}.Release|iPhoneSimulator.Build.0 = Release|iPhoneSimulator
		{03434F13-DFB0-41BE-B992-0C52797E4432}.Release|iPhoneSimulator.Deploy.0 = Release|iPhoneSimulator
	EndGlobalSection
	GlobalSection(SolutionProperties) = preSolution
		HideSolutionNode = FALSE
	EndGlobalSection
	GlobalSection(ExtensibilityGlobals) = postSolution
		SolutionGuid = {594CABFE-2562-4CD0-A358-F14AAA1808CA}
	EndGlobalSection
EndGlobal
